{"version":4,"terraform_version":"1.8.6","serial":25,"lineage":"195d138b-09b0-66ce-bc34-84c99afa7d4e","outputs":{},"resources":[{"module":"module.dev-cluster.module.metallb","mode":"managed","type":"kubernetes_cluster_role","name":"controller","provider":"provider[\"registry.opentofu.org/hashicorp/kubernetes\"]","instances":[{"schema_version":0,"attributes":{"aggregation_rule":[],"id":"metallb-system:controller","metadata":[{"annotations":{},"generate_name":"","generation":0,"labels":{"app":"metallb"},"name":"metallb-system:controller","resource_version":"1258450","uid":"4b27959d-3204-485c-a2e4-06ab68e113e7"}],"rule":[{"api_groups":[""],"non_resource_urls":[],"resource_names":[],"resources":["services","namespaces"],"verbs":["get","list","watch"]},{"api_groups":[""],"non_resource_urls":[],"resource_names":[],"resources":["nodes"],"verbs":["list"]},{"api_groups":[""],"non_resource_urls":[],"resource_names":[],"resources":["services/status"],"verbs":["update"]},{"api_groups":[""],"non_resource_urls":[],"resource_names":[],"resources":["events"],"verbs":["create","patch"]},{"api_groups":["policy"],"non_resource_urls":[],"resource_names":["controller"],"resources":["podsecuritypolicies"],"verbs":["use"]},{"api_groups":["admissionregistration.k8s.io"],"non_resource_urls":[],"resource_names":["metallb-webhook-configuration"],"resources":["validatingwebhookconfigurations"],"verbs":["create","delete","get","list","patch","update","watch"]},{"api_groups":["admissionregistration.k8s.io"],"non_resource_urls":[],"resource_names":[],"resources":["validatingwebhookconfigurations"],"verbs":["list","watch"]},{"api_groups":["apiextensions.k8s.io"],"non_resource_urls":[],"resource_names":["bfdprofiles.metallb.io","bgpadvertisements.metallb.io","bgppeers.metallb.io","ipaddresspools.metallb.io","l2advertisements.metallb.io","communities.metallb.io"],"resources":["customresourcedefinitions"],"verbs":["create","delete","get","list","patch","update","watch"]},{"api_groups":["apiextensions.k8s.io"],"non_resource_urls":[],"resource_names":[],"resources":["customresourcedefinitions"],"verbs":["list","watch"]}]},"sensitive_attributes":[],"private":"bnVsbA=="}]},{"module":"module.dev-cluster.module.metallb","mode":"managed","type":"kubernetes_cluster_role","name":"speaker","provider":"provider[\"registry.opentofu.org/hashicorp/kubernetes\"]","instances":[{"schema_version":0,"attributes":{"aggregation_rule":[],"id":"metallb-system:speaker","metadata":[{"annotations":{},"generate_name":"","generation":0,"labels":{"app":"metallb"},"name":"metallb-system:speaker","resource_version":"1258449","uid":"e173fa5a-4b13-4eb4-bf68-aa20682a8d0a"}],"rule":[{"api_groups":["metallb.io"],"non_resource_urls":[],"resource_names":[],"resources":["servicel2statuses","servicel2statuses/status"],"verbs":["*"]},{"api_groups":[""],"non_resource_urls":[],"resource_names":[],"resources":["services","endpoints","nodes","namespaces"],"verbs":["get","list","watch"]},{"api_groups":["discovery.k8s.io"],"non_resource_urls":[],"resource_names":[],"resources":["endpointslices"],"verbs":["get","list","watch"]},{"api_groups":[""],"non_resource_urls":[],"resource_names":[],"resources":["events"],"verbs":["create","patch"]},{"api_groups":["policy"],"non_resource_urls":[],"resource_names":["speaker"],"resources":["podsecuritypolicies"],"verbs":["use"]}]},"sensitive_attributes":[],"private":"bnVsbA=="}]},{"module":"module.dev-cluster.module.metallb","mode":"managed","type":"kubernetes_cluster_role_binding","name":"controller","provider":"provider[\"registry.opentofu.org/hashicorp/kubernetes\"]","instances":[{"schema_version":0,"attributes":{"id":"metallb-system:controller","metadata":[{"annotations":{},"generate_name":"","generation":0,"labels":{"app":"metallb"},"name":"metallb-system:controller","resource_version":"1256524","uid":"df7aac90-f088-4641-975f-645c85ff45df"}],"role_ref":[{"api_group":"rbac.authorization.k8s.io","kind":"ClusterRole","name":"metallb-system:controller"}],"subject":[{"api_group":"","kind":"ServiceAccount","name":"controller","namespace":"metallb-system"}]},"sensitive_attributes":[],"private":"bnVsbA==","dependencies":["module.dev-cluster.module.metallb.kubernetes_namespace.metallb_system"]}]},{"module":"module.dev-cluster.module.metallb","mode":"managed","type":"kubernetes_cluster_role_binding","name":"speaker","provider":"provider[\"registry.opentofu.org/hashicorp/kubernetes\"]","instances":[{"schema_version":0,"attributes":{"id":"metallb-system:speaker","metadata":[{"annotations":{},"generate_name":"","generation":0,"labels":{"app":"metallb"},"name":"metallb-system:speaker","resource_version":"1256521","uid":"3a754100-7e63-4025-bd9e-abf54284e4d2"}],"role_ref":[{"api_group":"rbac.authorization.k8s.io","kind":"ClusterRole","name":"metallb-system:speaker"}],"subject":[{"api_group":"","kind":"ServiceAccount","name":"speaker","namespace":"metallb-system"}]},"sensitive_attributes":[],"private":"bnVsbA==","dependencies":["module.dev-cluster.module.metallb.kubernetes_namespace.metallb_system"]}]},{"module":"module.dev-cluster.module.metallb","mode":"managed","type":"kubernetes_config_map","name":"metallb_config","provider":"provider[\"registry.opentofu.org/hashicorp/kubernetes\"]","instances":[{"schema_version":0,"attributes":{"binary_data":{},"data":{"config":"    address-pools:\n    - name: default\n      protocol: layer2\n      addresses:\n      - \"192.168.1.210-192.168.1.250\"\n"},"id":"metallb-system/config","immutable":false,"metadata":[{"annotations":{},"generate_name":"","generation":0,"labels":{},"name":"config","namespace":"metallb-system","resource_version":"1256078","uid":"01a23547-9ba6-44c7-b879-d7a19dee2043"}]},"sensitive_attributes":[],"private":"bnVsbA=="}]},{"module":"module.dev-cluster.module.metallb","mode":"managed","type":"kubernetes_config_map","name":"metallb_excludel2","provider":"provider[\"registry.opentofu.org/hashicorp/kubernetes\"]","instances":[{"schema_version":0,"attributes":{"binary_data":{},"data":{"excludel2.yaml":"    announcedInterfacesToExclude: [\"^docker.*\", \"^cbr.*\", \"^dummy.*\", \"^virbr.*\", \"^lxcbr.*\", \"^veth.*\", \"^lo$\", \"^cali.*\", \"^tunl.*\", \"^flannel.*\", \"^kube-ipvs.*\", \"^cni.*\", \"^nodelocaldns.*\"]\n"},"id":"metallb-system/metallb-excludel2","immutable":false,"metadata":[{"annotations":{},"generate_name":"","generation":0,"labels":{},"name":"metallb-excludel2","namespace":"metallb-system","resource_version":"1432081","uid":"6b94e91d-1ffc-4cb4-bbad-ade598bb3108"}]},"sensitive_attributes":[],"private":"bnVsbA=="}]},{"module":"module.dev-cluster.module.metallb","mode":"managed","type":"kubernetes_daemonset","name":"metallb_speaker","provider":"provider[\"registry.opentofu.org/hashicorp/kubernetes\"]","instances":[{"schema_version":1,"attributes":{"id":"metallb-system/speaker","metadata":[{"annotations":{},"generate_name":"","generation":2,"labels":{"app":"metallb","component":"speaker"},"name":"speaker","namespace":"metallb-system","resource_version":"1434062","uid":"1fb5cfba-e43f-468f-bafe-9a87c2d48678"}],"spec":[{"min_ready_seconds":0,"revision_history_limit":10,"selector":[{"match_expressions":[],"match_labels":{"app":"metallb","component":"speaker"}}],"strategy":[{"rolling_update":[{"max_unavailable":"1"}],"type":"RollingUpdate"}],"template":[{"metadata":[{"annotations":{"prometheus.io/port":"7472","prometheus.io/scrape":"true"},"generate_name":"","generation":0,"labels":{"app":"metallb","component":"speaker"},"name":"","resource_version":"","uid":""}],"spec":[{"active_deadline_seconds":0,"affinity":[],"automount_service_account_token":true,"container":[{"args":["--port=7472","--log-level=info"],"command":[],"env":[{"name":"METALLB_NODE_NAME","value":"","value_from":[{"config_map_key_ref":[],"field_ref":[{"api_version":"v1","field_path":"spec.nodeName"}],"resource_field_ref":[],"secret_key_ref":[]}]},{"name":"METALLB_POD_NAME","value":"","value_from":[{"config_map_key_ref":[],"field_ref":[{"api_version":"v1","field_path":"metadata.name"}],"resource_field_ref":[],"secret_key_ref":[]}]},{"name":"METALLB_HOST","value":"","value_from":[{"config_map_key_ref":[],"field_ref":[{"api_version":"v1","field_path":"status.hostIP"}],"resource_field_ref":[],"secret_key_ref":[]}]},{"name":"METALLB_ML_BIND_ADDR","value":"","value_from":[{"config_map_key_ref":[],"field_ref":[{"api_version":"v1","field_path":"status.podIP"}],"resource_field_ref":[],"secret_key_ref":[]}]},{"name":"METALLB_ML_LABELS","value":"app=metallb,component=speaker","value_from":[]},{"name":"METALLB_ML_SECRET_KEY_PATH","value":"/etc/ml_secret_key","value_from":[]}],"env_from":[],"image":"quay.io/metallb/speaker:v0.14.8","image_pull_policy":"IfNotPresent","lifecycle":[],"liveness_probe":[{"exec":[],"failure_threshold":3,"grpc":[],"http_get":[{"host":"","http_header":[],"path":"/metrics","port":"monitoring","scheme":"HTTP"}],"initial_delay_seconds":10,"period_seconds":10,"success_threshold":1,"tcp_socket":[],"timeout_seconds":1}],"name":"speaker","port":[{"container_port":7472,"host_ip":"","host_port":0,"name":"monitoring","protocol":"TCP"},{"container_port":7946,"host_ip":"","host_port":0,"name":"memberlist-tcp","protocol":"TCP"},{"container_port":7946,"host_ip":"","host_port":0,"name":"memberlist-udp","protocol":"UDP"}],"readiness_probe":[{"exec":[],"failure_threshold":3,"grpc":[],"http_get":[{"host":"","http_header":[],"path":"/metrics","port":"monitoring","scheme":"HTTP"}],"initial_delay_seconds":10,"period_seconds":10,"success_threshold":1,"tcp_socket":[],"timeout_seconds":1}],"resources":[{"limits":{},"requests":{}}],"security_context":[{"allow_privilege_escalation":false,"capabilities":[{"add":["NET_RAW"],"drop":["ALL"]}],"privileged":false,"read_only_root_filesystem":true,"run_as_group":"","run_as_non_root":false,"run_as_user":"","se_linux_options":[],"seccomp_profile":[]}],"startup_probe":[],"stdin":false,"stdin_once":false,"termination_message_path":"/dev/termination-log","termination_message_policy":"File","tty":false,"volume_mount":[{"mount_path":"/etc/ml_secret_key","mount_propagation":"None","name":"memberlist","read_only":true,"sub_path":""},{"mount_path":"/etc/metallb","mount_propagation":"None","name":"metallb-excludel2","read_only":true,"sub_path":""}],"working_dir":""}],"dns_config":[],"dns_policy":"ClusterFirst","enable_service_links":true,"host_aliases":[],"host_ipc":false,"host_network":true,"host_pid":false,"hostname":"","image_pull_secrets":[],"init_container":[],"node_name":"","node_selector":{"kubernetes.io/os":"linux"},"os":[],"priority_class_name":"","readiness_gate":[],"restart_policy":"Always","runtime_class_name":"","scheduler_name":"default-scheduler","security_context":[],"service_account_name":"speaker","share_process_namespace":false,"subdomain":"","termination_grace_period_seconds":2,"toleration":[{"effect":"NoSchedule","key":"node-role.kubernetes.io/master","operator":"Exists","toleration_seconds":"","value":""},{"effect":"NoSchedule","key":"node-role.kubernetes.io/control-plane","operator":"Exists","toleration_seconds":"","value":""}],"topology_spread_constraint":[],"volume":[{"aws_elastic_block_store":[],"azure_disk":[],"azure_file":[],"ceph_fs":[],"cinder":[],"config_map":[],"csi":[],"downward_api":[],"empty_dir":[],"ephemeral":[],"fc":[],"flex_volume":[],"flocker":[],"gce_persistent_disk":[],"git_repo":[],"glusterfs":[],"host_path":[],"iscsi":[],"local":[],"name":"memberlist","nfs":[],"persistent_volume_claim":[],"photon_persistent_disk":[],"projected":[],"quobyte":[],"rbd":[],"secret":[{"default_mode":"0420","items":[],"optional":false,"secret_name":"memberlist"}],"vsphere_volume":[]},{"aws_elastic_block_store":[],"azure_disk":[],"azure_file":[],"ceph_fs":[],"cinder":[],"config_map":[{"default_mode":"0400","items":[],"name":"metallb-excludel2","optional":false}],"csi":[],"downward_api":[],"empty_dir":[],"ephemeral":[],"fc":[],"flex_volume":[],"flocker":[],"gce_persistent_disk":[],"git_repo":[],"glusterfs":[],"host_path":[],"iscsi":[],"local":[],"name":"metallb-excludel2","nfs":[],"persistent_volume_claim":[],"photon_persistent_disk":[],"projected":[],"quobyte":[],"rbd":[],"secret":[],"vsphere_volume":[]}]}]}]}],"timeouts":null,"wait_for_rollout":true},"sensitive_attributes":[],"private":"eyJlMmJmYjczMC1lY2FhLTExZTYtOGY4OC0zNDM2M2JjN2M0YzAiOnsiY3JlYXRlIjo2MDAwMDAwMDAwMDAsImRlbGV0ZSI6NjAwMDAwMDAwMDAwLCJ1cGRhdGUiOjYwMDAwMDAwMDAwMH0sInNjaGVtYV92ZXJzaW9uIjoiMSJ9"}]},{"module":"module.dev-cluster.module.metallb","mode":"managed","type":"kubernetes_deployment","name":"metallb_controller","provider":"provider[\"registry.opentofu.org/hashicorp/kubernetes\"]","instances":[{"schema_version":1,"attributes":{"id":"metallb-system/controller","metadata":[{"annotations":{},"generate_name":"","generation":1,"labels":{"app":"metallb","component":"controller"},"name":"controller","namespace":"metallb-system","resource_version":"1261624","uid":"3009c4f9-d347-4979-949c-cc0d5d31b33d"}],"spec":[{"min_ready_seconds":0,"paused":false,"progress_deadline_seconds":600,"replicas":"1","revision_history_limit":3,"selector":[{"match_expressions":[],"match_labels":{"app":"metallb","component":"controller"}}],"strategy":[{"rolling_update":[{"max_surge":"25%","max_unavailable":"25%"}],"type":"RollingUpdate"}],"template":[{"metadata":[{"annotations":{"prometheus.io/port":"7472","prometheus.io/scrape":"true"},"generate_name":"","generation":0,"labels":{"app":"metallb","component":"controller"},"name":"","namespace":"","resource_version":"","uid":""}],"spec":[{"active_deadline_seconds":0,"affinity":[],"automount_service_account_token":true,"container":[{"args":["--port=7472","--log-level=info","--tls-min-version=VersionTLS12"],"command":[],"env":[{"name":"METALLB_ML_SECRET_NAME","value":"memberlist","value_from":[]},{"name":"METALLB_DEPLOYMENT","value":"controller","value_from":[]}],"env_from":[],"image":"quay.io/metallb/controller:v0.14.8","image_pull_policy":"IfNotPresent","lifecycle":[],"liveness_probe":[{"exec":[],"failure_threshold":3,"grpc":[],"http_get":[{"host":"","http_header":[],"path":"/metrics","port":"monitoring","scheme":"HTTP"}],"initial_delay_seconds":10,"period_seconds":10,"success_threshold":1,"tcp_socket":[],"timeout_seconds":1}],"name":"controller","port":[{"container_port":7472,"host_ip":"","host_port":0,"name":"monitoring","protocol":"TCP"},{"container_port":9443,"host_ip":"","host_port":0,"name":"webhook-server","protocol":"TCP"}],"readiness_probe":[{"exec":[],"failure_threshold":3,"grpc":[],"http_get":[{"host":"","http_header":[],"path":"/metrics","port":"monitoring","scheme":"HTTP"}],"initial_delay_seconds":10,"period_seconds":10,"success_threshold":1,"tcp_socket":[],"timeout_seconds":1}],"resources":[{"limits":{},"requests":{}}],"security_context":[{"allow_privilege_escalation":false,"capabilities":[{"add":[],"drop":["all"]}],"privileged":false,"read_only_root_filesystem":true,"run_as_group":"","run_as_non_root":false,"run_as_user":"","se_linux_options":[],"seccomp_profile":[]}],"startup_probe":[],"stdin":false,"stdin_once":false,"termination_message_path":"/dev/termination-log","termination_message_policy":"File","tty":false,"volume_mount":[{"mount_path":"/tmp/k8s-webhook-server/serving-certs","mount_propagation":"None","name":"cert","read_only":true,"sub_path":""}],"working_dir":""}],"dns_config":[],"dns_policy":"ClusterFirst","enable_service_links":true,"host_aliases":[],"host_ipc":false,"host_network":false,"host_pid":false,"hostname":"","image_pull_secrets":[],"init_container":[],"node_name":"","node_selector":{"kubernetes.io/os":"linux"},"os":[],"priority_class_name":"","readiness_gate":[],"restart_policy":"Always","runtime_class_name":"","scheduler_name":"default-scheduler","security_context":[{"fs_group":"65534","fs_group_change_policy":"","run_as_group":"","run_as_non_root":true,"run_as_user":"65534","se_linux_options":[],"seccomp_profile":[],"supplemental_groups":[],"sysctl":[],"windows_options":[]}],"service_account_name":"controller","share_process_namespace":false,"subdomain":"","termination_grace_period_seconds":0,"toleration":[],"topology_spread_constraint":[],"volume":[{"aws_elastic_block_store":[],"azure_disk":[],"azure_file":[],"ceph_fs":[],"cinder":[],"config_map":[],"csi":[],"downward_api":[],"empty_dir":[],"ephemeral":[],"fc":[],"flex_volume":[],"flocker":[],"gce_persistent_disk":[],"git_repo":[],"glusterfs":[],"host_path":[],"iscsi":[],"local":[],"name":"cert","nfs":[],"persistent_volume_claim":[],"photon_persistent_disk":[],"projected":[],"quobyte":[],"rbd":[],"secret":[{"default_mode":"0420","items":[],"optional":false,"secret_name":"metallb-webhook-cert"}],"vsphere_volume":[]}]}]}]}],"timeouts":null,"wait_for_rollout":true},"sensitive_attributes":[],"private":"eyJlMmJmYjczMC1lY2FhLTExZTYtOGY4OC0zNDM2M2JjN2M0YzAiOnsiY3JlYXRlIjo2MDAwMDAwMDAwMDAsImRlbGV0ZSI6NjAwMDAwMDAwMDAwLCJ1cGRhdGUiOjYwMDAwMDAwMDAwMH0sInNjaGVtYV92ZXJzaW9uIjoiMSJ9","dependencies":["module.dev-cluster.module.metallb.kubernetes_namespace.metallb_system"]}]},{"module":"module.dev-cluster.module.metallb","mode":"managed","type":"kubernetes_namespace","name":"metallb_system","provider":"provider[\"registry.opentofu.org/hashicorp/kubernetes\"]","instances":[{"schema_version":0,"attributes":{"id":"metallb-system","metadata":[{"annotations":{},"generate_name":"","generation":0,"labels":{"app":"metallb","pod-security.kubernetes.io/audit":"privileged","pod-security.kubernetes.io/enforce":"privileged","pod-security.kubernetes.io/warn":"privileged"},"name":"metallb-system","resource_version":"1259346","uid":"cc204d0c-e3b0-4e0f-a229-16de22bfe0a7"}],"timeouts":null,"wait_for_default_service_account":false},"sensitive_attributes":[],"private":"eyJlMmJmYjczMC1lY2FhLTExZTYtOGY4OC0zNDM2M2JjN2M0YzAiOnsiZGVsZXRlIjozMDAwMDAwMDAwMDB9fQ=="}]},{"module":"module.dev-cluster.module.metallb","mode":"managed","type":"kubernetes_role","name":"controller","provider":"provider[\"registry.opentofu.org/hashicorp/kubernetes\"]","instances":[{"schema_version":0,"attributes":{"id":"metallb-system/controller","metadata":[{"annotations":{},"generate_name":"","generation":0,"labels":{"app":"metallb"},"name":"controller","namespace":"metallb-system","resource_version":"1259347","uid":"c42cbbdc-25b6-4ea2-95ed-b9f9fbe609fb"}],"rule":[{"api_groups":[""],"resource_names":[],"resources":["secrets"],"verbs":["create","delete","get","list","patch","update","watch"]},{"api_groups":[""],"resource_names":["memberlist"],"resources":["secrets"],"verbs":["list"]},{"api_groups":["apps"],"resource_names":["controller"],"resources":["deployments"],"verbs":["get"]},{"api_groups":["metallb.io"],"resource_names":[],"resources":["bgppeers"],"verbs":["get","list"]},{"api_groups":["metallb.io"],"resource_names":[],"resources":["bfdprofiles"],"verbs":["get","list","watch"]},{"api_groups":["metallb.io"],"resource_names":[],"resources":["ipaddresspools"],"verbs":["get","list","watch"]},{"api_groups":["metallb.io"],"resource_names":[],"resources":["bgpadvertisements"],"verbs":["get","list","watch"]},{"api_groups":["metallb.io"],"resource_names":[],"resources":["l2advertisements"],"verbs":["get","list","watch"]},{"api_groups":["metallb.io"],"resource_names":[],"resources":["communities"],"verbs":["get","list","watch"]}]},"sensitive_attributes":[],"private":"bnVsbA==","dependencies":["module.dev-cluster.module.metallb.kubernetes_namespace.metallb_system"]}]},{"module":"module.dev-cluster.module.metallb","mode":"managed","type":"kubernetes_role","name":"pod_lister","provider":"provider[\"registry.opentofu.org/hashicorp/kubernetes\"]","instances":[{"schema_version":0,"attributes":{"id":"metallb-system/pod-lister","metadata":[{"annotations":{},"generate_name":"","generation":0,"labels":{"app":"metallb"},"name":"pod-lister","namespace":"metallb-system","resource_version":"1434025","uid":"a046f830-e0d3-4319-84d6-6fd62b3756c6"}],"rule":[{"api_groups":[""],"resource_names":[],"resources":["pods"],"verbs":["get","list"]},{"api_groups":[""],"resource_names":[],"resources":["secrets"],"verbs":["get","list","watch"]},{"api_groups":[""],"resource_names":[],"resources":["configmaps"],"verbs":["get","list","watch"]},{"api_groups":["metallb.io"],"resource_names":[],"resources":["bfdprofiles"],"verbs":["get","list","watch"]},{"api_groups":["metallb.io"],"resource_names":[],"resources":["bgppeers"],"verbs":["get","list","watch"]},{"api_groups":["metallb.io"],"resource_names":[],"resources":["l2advertisements"],"verbs":["get","list","watch"]},{"api_groups":["metallb.io"],"resource_names":[],"resources":["bgpadvertisements"],"verbs":["get","list","watch"]},{"api_groups":["metallb.io"],"resource_names":[],"resources":["ipaddresspools"],"verbs":["get","list","watch"]},{"api_groups":["metallb.io"],"resource_names":[],"resources":["communities"],"verbs":["get","list","watch"]}]},"sensitive_attributes":[],"private":"bnVsbA=="}]},{"module":"module.dev-cluster.module.metallb","mode":"managed","type":"kubernetes_role_binding","name":"controller","provider":"provider[\"registry.opentofu.org/hashicorp/kubernetes\"]","instances":[{"schema_version":0,"attributes":{"id":"metallb-system/controller","metadata":[{"annotations":{},"generate_name":"","generation":0,"labels":{"app":"metallb"},"name":"controller","namespace":"metallb-system","resource_version":"1256080","uid":"a55fcad9-2481-48a6-9a18-e1294e16b49a"}],"role_ref":[{"api_group":"rbac.authorization.k8s.io","kind":"Role","name":"controller"}],"subject":[{"api_group":"","kind":"ServiceAccount","name":"controller","namespace":"metallb-system"}]},"sensitive_attributes":[],"private":"bnVsbA=="}]},{"module":"module.dev-cluster.module.metallb","mode":"managed","type":"kubernetes_role_binding","name":"pod_lister","provider":"provider[\"registry.opentofu.org/hashicorp/kubernetes\"]","instances":[{"schema_version":0,"attributes":{"id":"metallb-system/pod-lister","metadata":[{"annotations":{},"generate_name":"","generation":0,"labels":{"app":"metallb"},"name":"pod-lister","namespace":"metallb-system","resource_version":"1256081","uid":"40e2e885-4a0b-4e1d-9fe0-bfd6e5b9d598"}],"role_ref":[{"api_group":"rbac.authorization.k8s.io","kind":"Role","name":"pod-lister"}],"subject":[{"api_group":"","kind":"ServiceAccount","name":"speaker","namespace":"metallb-system"}]},"sensitive_attributes":[],"private":"bnVsbA=="}]},{"module":"module.dev-cluster.module.metallb","mode":"managed","type":"kubernetes_secret","name":"metallb_webhook_cert","provider":"provider[\"registry.opentofu.org/hashicorp/kubernetes\"]","instances":[{"schema_version":0,"attributes":{"binary_data":null,"data":{"ca.crt":"-----BEGIN CERTIFICATE-----\nMIIDEDCCAfigAwIBAgIBADANBgkqhkiG9w0BAQsFADAhMRAwDgYDVQQKEwdtZXRh\nbGxiMQ0wCwYDVQQDEwRjZXJ0MB4XDTI0MTIwMzIxMDQ0MloXDTM0MTIwMTIyMDQ0\nMlowITEQMA4GA1UEChMHbWV0YWxsYjENMAsGA1UEAxMEY2VydDCCASIwDQYJKoZI\nhvcNAQEBBQADggEPADCCAQoCggEBALRLt00CLtbtZ7ZK3nN/6qoe3TD6h6kH4mK6\nc3DzIBcTS4nAVRoE5hpgMPWJtOD2cZmCZrK/HMEK8BlK2NRJpB+sUMPpMEJNlgmd\nHpQ7zEdYSIDxnisDpG5MgOTXWY+9A3Wwdn5T3ua15WN2XE2HVTduGItOJZlvfTwX\n7WDZh2qM27IfOVPrtJr7OwovZNzrH21Ml2+tegLHFXPMWJe9NGlAh3EOLBtcY5J0\nlzmIVeSIZxSAcX85PVls8P3goGGCfvDTgEcdtCFDpkU+/0F4Il4QjwcezxlShSAO\ncRu3xcJ/qpMw9/Y1pCDPsSwfhPUrTm6jouUhiWy2iJZyMe9HgbkCAwEAAaNTMFEw\nDgYDVR0PAQH/BAQDAgKkMA8GA1UdEwEB/wQFMAMBAf8wHQYDVR0OBBYEFMcQ8VB2\nWb4knSbpUR7mUgZ+djd3MA8GA1UdEQQIMAaCBGNlcnQwDQYJKoZIhvcNAQELBQAD\nggEBAKPvLVcH+MVjfvOZe2AMpYPK4+nY1pWu9gcOszeAE5FtmlNT+LQUV7+9vM70\nqDXrvjPV5m4f8oNsmXNWisV1W1Ru/itXnTb+mcGL90qdcpjuHMaJ3Z+dVSEywrui\n1uRlZVCX5jL33ERMKoVQgY+tGJhlUPFfIH7CrS/hgOhyuqPt2O/+T7rmnI4L4m+D\n11Dgt+EPP+2iRZXdUtR9EoF8p2wsztvmmMi+1LRoaRQyVC9zGF6DMHhl6Bk7zf3u\ndCs11yz9bBce0nN2gjwm/jzrQn9Zl/8tvg7W/25JrZfRqepoTMPk8eymAlcJuG0b\nU9KG3aKFyXxJT41RrK/EX1V3N10=\n-----END CERTIFICATE-----\n","ca.key":"-----BEGIN RSA PRIVATE KEY-----\nMIIEowIBAAKCAQEAtEu3TQIu1u1ntkrec3/qqh7dMPqHqQfiYrpzcPMgFxNLicBV\nGgTmGmAw9Ym04PZxmYJmsr8cwQrwGUrY1EmkH6xQw+kwQk2WCZ0elDvMR1hIgPGe\nKwOkbkyA5NdZj70DdbB2flPe5rXlY3ZcTYdVN24Yi04lmW99PBftYNmHaozbsh85\nU+u0mvs7Ci9k3OsfbUyXb616AscVc8xYl700aUCHcQ4sG1xjknSXOYhV5IhnFIBx\nfzk9WWzw/eCgYYJ+8NOARx20IUOmRT7/QXgiXhCPBx7PGVKFIA5xG7fFwn+qkzD3\n9jWkIM+xLB+E9StObqOi5SGJbLaIlnIx70eBuQIDAQABAoIBAC6HT8G264GZ+Obp\ngWkLPPM0Td8C+JmdqEXUWlBu3fw2hYsCMLQrSXrLEjd7l0trLjvwlDJS8ce72+Sb\nFUQL0Sg/XwSAHG0v+qV2f9q/Z+ONnABy2l+9a+TvJ2BnVvyqScdIh/voByFBFfbK\nJ932K/7HEdx5iWiEhixI/IC/ApxzWBsir0URpitT/uiJi7kKFTGydG9BKc/twdnl\nWTH5stI1s5HlqXzzQp1MhYfbjO0S9OEYOnOYlxNLPgxudbkcMmslTGrXKvFYJ3s8\nezo1YLiO1HYLMf9CGjjP+43dDOW3t3kCoucA/l6+yO/XxqPPvEmwmnQq0iFQ8Xmy\nbZ5oo4ECgYEAwnteNL6uoyZF6rejV8j88e/Ygd4fvJtRWqGGtcuZvG/RB0KPzaTf\n0lZHbizs6GnrpKymE9swlfCiV6xlOX5/C+CEKnKd2joVPtlaH5wqf9DktCLawBNL\nykOwI9m81mRZF2YlQ6nkWQ59SxBiWFil5eGDzlDZwLPPGyqLTH3IWEkCgYEA7VOX\nfjENfcGg3G5UlnnoDyFHXqLFC/2HDIwkgE/i6lxUAFycQeBSxHpibXHC/0b/15xf\n0Gv/px+eJ1EUr0pGQMaZuLp8hkRvOF85vFpDduY9cXBnHRvKb1EgZ2pii+knLW8Z\nTEl5N5R5+EzcTWNBP4pmxaDHYOKiNlxzAhGLPfECgYBLIy66YhFGpzrL/Db3a4eO\nUYPsaM0KKVe9FDrfcdHro6e2jljQsqpmsT7XqjO9d267KJjhgwW6aEXQaaKSG/Up\nuYxWegHSli4vIfpXzBX/W82AaxborovRkWUz9KOokQx6pdQv2CuI3Lg7kBDu4RD3\nR7GMvF/ku5OAg2deHhqRQQKBgQCOLYwOf5iThFK4fCiU1YeeuNMm8OCXpFUpwTOE\n41cQDCwO42yBUsCDEMayxnqJsKFJLFeCZ5ELMDfxWfPIZ/jaiaBCOQas8YaoAPR3\n0KOmMZ0RvsMnfySxt6pwCh3rr8xWvb4sI8BI+dxwUquQeSv3wxR6xS1s75k6c/w6\newQuIQKBgE6Dg4x1ELu5EjvawdcuIkvkErhIMrZO7yBdGvswUXDI03MjES9s0+6a\n2gfuMACfiyykPOXBx86HUzYpTff4E8O9IUMYFskDxoOvda/FFEpb6C6/uqPLrNWZ\n0Pjep4wiH+FRRWNtOaRt3eZMQ1iEQOEQEncmUS6y4cvaD4W4AR75\n-----END RSA PRIVATE KEY-----\n","tls.crt":"-----BEGIN CERTIFICATE-----\nMIIDYDCCAkigAwIBAgIBATANBgkqhkiG9w0BAQsFADAhMRAwDgYDVQQKEwdtZXRh\nbGxiMQ0wCwYDVQQDEwRjZXJ0MB4XDTI0MTIwMzIxMDQ0MloXDTI1MTIwMzIyMDQ0\nMlowNTEzMDEGA1UEAxMqbWV0YWxsYi13ZWJob29rLXNlcnZpY2UubWV0YWxsYi1z\neXN0ZW0uc3ZjMIIBIjANBgkqhkiG9w0BAQEFAAOCAQ8AMIIBCgKCAQEA2WcqHiUu\n89gpbJxtFo0nDlp50+4ifd6/u4hRQT+PdaQiv7L2jqid00g6Ij9kJgGyXZQxoafx\nKWESPe7U0Ro0C+Od0Bz4wpQ/BqYoIJpczGdhM+QZp1PIlyvDBzfQ/arfEnhD3ZvW\ncOvKSFmrHbZVhyvwrwUvjsUFE0gK3kDInz/LKGLoNd9StdWXOQF23JjWUbEDbTa6\nUHVotjNGZe9o1SyKOS3f0HPKyzMQ9vluOcoYusg1G/kT9r/GIH+rghkwCsE+7cjw\npzxC8wYSJjz1nIZbr73vOXcvrE8Jqf2LgtWpcIEBq4wdMjjJdP2mNCMcLwP+JJ1G\n6vZA6eaSASOkywIDAQABo4GOMIGLMA4GA1UdDwEB/wQEAwIFoDATBgNVHSUEDDAK\nBggrBgEFBQcDATAMBgNVHRMBAf8EAjAAMB8GA1UdIwQYMBaAFMcQ8VB2Wb4knSbp\nUR7mUgZ+djd3MDUGA1UdEQQuMCyCKm1ldGFsbGItd2ViaG9vay1zZXJ2aWNlLm1l\ndGFsbGItc3lzdGVtLnN2YzANBgkqhkiG9w0BAQsFAAOCAQEADy7fpQhMpLLNHibq\njKr3l/33D59v5EamiulNj5fRKZxXGI44GfH4LYYkeF9/m3XAOVRX3Ee1i0KbxwYj\n3aogzJTt/9/a89j7ZX45sAHQ0n/27IhT7G3hpfHExnc4Lg/6Q7Zzr/X6R4XfM+Ye\n//hL0LD8HGpferBOTFKhY+TIyUEoObWLa/xl+BrUrKsCKpGQ51Ppx8+m3KvYReTR\nh243y16Pad17Z2CrvvFIedDPwOJseCEMfg/ElmtKF5Hk87Hsj5dh9/aeE6K8GGiV\nF5yXNL32GMfrVaS0ll5aE3KxvgvvqDrPI2AfvOy/e+0NDR5gz/yZNqhiF/PrLsbF\nmOJ1Gg==\n-----END CERTIFICATE-----\n","tls.key":"-----BEGIN RSA PRIVATE KEY-----\nMIIEpQIBAAKCAQEA2WcqHiUu89gpbJxtFo0nDlp50+4ifd6/u4hRQT+PdaQiv7L2\njqid00g6Ij9kJgGyXZQxoafxKWESPe7U0Ro0C+Od0Bz4wpQ/BqYoIJpczGdhM+QZ\np1PIlyvDBzfQ/arfEnhD3ZvWcOvKSFmrHbZVhyvwrwUvjsUFE0gK3kDInz/LKGLo\nNd9StdWXOQF23JjWUbEDbTa6UHVotjNGZe9o1SyKOS3f0HPKyzMQ9vluOcoYusg1\nG/kT9r/GIH+rghkwCsE+7cjwpzxC8wYSJjz1nIZbr73vOXcvrE8Jqf2LgtWpcIEB\nq4wdMjjJdP2mNCMcLwP+JJ1G6vZA6eaSASOkywIDAQABAoIBAQCRWU/nZ6TEkrjf\nTJYChcye5A6fio606L/3eWQZ44zeciZpVBVTu5gJMjjrvMYQQwIlXnbwRYAO0j+H\n+K2AP6ycZkmUYkpOjR62K1CYu5tfbZ6nOtGL9ZAewbtakA7CCgOqLY3yE8aDKKHN\nTWYCL21vOgloemcZZM/H3FqnzVhUXu7XdMw5SHtEC3jJsk/GAQfF5p+dpqK0l/cC\nmHTl2AErrDU1ZASnj0O72aAveAU8xIX0+o2q/8cMOqhTJTevBdkl8wzIIjTDA/1x\nxI3klkjdPr6pRkOEsVBX/KIkTs1uMF0fwBFi/Avpk4J4dvECijmrCKyLqoroJO5e\nE2r8axsBAoGBAO00Pu7/ms65IFVrTKMnFBELw71KWFctldu5jiJZlEVbgOWKDNeB\nVE2Tf9eqd3CNwMD9WsmpcCZV9z6+NjQpXnH/Ct5M3zRKzpsrzaoUiF8MgHnOUxXR\nox1dcxQANnYDefRCveDHkVKY27RqEu4RW0NUE+BY9QFEbh25iLkhh3SxAoGBAOqh\nP2OPDEJ6Bx5v7Qw3jBM+RU03Qglr6ef5++UZImae2EaV1cSDix09guq4klKeeKnm\n1j5/N3JlRaymN0R3u60adUBb1fuGNdgTHaw187QJFZCBJiipMNKjqjcAYhETHoEn\ny7jfybhKX/Tclp+uhGAXu/S7TaZXfmyN+mxLl8A7AoGAG9rWyRobA8uZkG5ZQY+F\nO7s18TSZyyL/Rh40IrSCROLJ8CqV93iofbOkf571B7KdwAwAbU4IbXgK4MNVeiqh\nfKGGlTRRwcJHING0BRUELqU5MRSZjSZhEUG4EdE0lAc0ewqbYZoN5rUsl7MdJffD\nz9Q/wUiw/MUcaUEwXQ0i6wECgYEAscgAefWX+n7wCfYRDaLBNouGg12NYgossCNQ\n5GTJFizh/4nk8gQiUsObATNdW9DL6SEJ0U0fvERUKN/BHNYElMNpeJydZPpqrhC9\n+RDgWdhQSLAzM7gPUGvGu+pEZF+yS3bV/H1FIajpUGYck13u28jgGC4cRiAhoStr\nRsd4cqUCgYEA4IdNJLkhmByjM23p3YVcf6jfGp8Q+xOtHkp/EzIZiWh9FLvdXrao\npzctbyYft0Zh1NxIzbvAMnVzwfQMIr2wPPlh0Fsr995R5I9/vMPanL+/UImpXtLI\n0cvEcxkEgsn8ve+ZPkyxjcWkatURtLUIllnj5D3/hfCxjDHB5xUXZsI=\n-----END RSA PRIVATE KEY-----\n"},"id":"metallb-system/metallb-webhook-cert","immutable":false,"metadata":[{"annotations":{},"generate_name":"","generation":0,"labels":{},"name":"metallb-webhook-cert","namespace":"metallb-system","resource_version":"1261308","uid":"e12bac9d-b0e8-47b4-b353-80d3793d95dc"}],"timeouts":null,"type":"Opaque","wait_for_service_account_token":true},"sensitive_attributes":[[{"type":"get_attr","value":"binary_data"}],[{"type":"get_attr","value":"data"}]],"private":"eyJlMmJmYjczMC1lY2FhLTExZTYtOGY4OC0zNDM2M2JjN2M0YzAiOnsiY3JlYXRlIjo2MDAwMDAwMDAwMH19"}]},{"module":"module.dev-cluster.module.metallb","mode":"managed","type":"kubernetes_service","name":"metallb_webhook_service","provider":"provider[\"registry.opentofu.org/hashicorp/kubernetes\"]","instances":[{"schema_version":1,"attributes":{"id":"metallb-system/metallb-webhook-service","metadata":[{"annotations":{},"generate_name":"","generation":0,"labels":{},"name":"metallb-webhook-service","namespace":"metallb-system","resource_version":"1432711","uid":"c137c69f-fbe2-4524-878e-fb25556d7606"}],"spec":[{"allocate_load_balancer_node_ports":true,"cluster_ip":"10.107.251.105","cluster_ips":["10.107.251.105"],"external_ips":[],"external_name":"","external_traffic_policy":"","health_check_node_port":0,"internal_traffic_policy":"Cluster","ip_families":["IPv4"],"ip_family_policy":"SingleStack","load_balancer_class":"","load_balancer_ip":"","load_balancer_source_ranges":[],"port":[{"app_protocol":"","name":"","node_port":0,"port":443,"protocol":"TCP","target_port":"9443"}],"publish_not_ready_addresses":false,"selector":{"component":"controller"},"session_affinity":"None","session_affinity_config":[],"type":"ClusterIP"}],"status":[{"load_balancer":[{"ingress":[]}]}],"timeouts":null,"wait_for_load_balancer":true},"sensitive_attributes":[],"private":"eyJlMmJmYjczMC1lY2FhLTExZTYtOGY4OC0zNDM2M2JjN2M0YzAiOnsiY3JlYXRlIjo2MDAwMDAwMDAwMDB9LCJzY2hlbWFfdmVyc2lvbiI6IjEifQ=="}]},{"module":"module.dev-cluster.module.metallb","mode":"managed","type":"kubernetes_service_account","name":"controller","provider":"provider[\"registry.opentofu.org/hashicorp/kubernetes\"]","instances":[{"schema_version":0,"attributes":{"automount_service_account_token":true,"default_secret_name":"","id":"metallb-system/controller","image_pull_secret":[],"metadata":[{"annotations":{},"generate_name":"","generation":0,"labels":{"app":"metallb"},"name":"controller","namespace":"metallb-system","resource_version":"1256074","uid":"5af04d30-09f9-4fe8-90fa-e3aaa23e8495"}],"secret":[],"timeouts":null},"sensitive_attributes":[],"private":"eyJlMmJmYjczMC1lY2FhLTExZTYtOGY4OC0zNDM2M2JjN2M0YzAiOnsiY3JlYXRlIjozMDAwMDAwMDAwMH19","dependencies":["module.dev-cluster.module.metallb.kubernetes_namespace.metallb_system"]}]},{"module":"module.dev-cluster.module.metallb","mode":"managed","type":"kubernetes_service_account","name":"speaker","provider":"provider[\"registry.opentofu.org/hashicorp/kubernetes\"]","instances":[{"schema_version":0,"attributes":{"automount_service_account_token":true,"default_secret_name":"","id":"metallb-system/speaker","image_pull_secret":[],"metadata":[{"annotations":{},"generate_name":"","generation":0,"labels":{"app":"metallb"},"name":"speaker","namespace":"metallb-system","resource_version":"1256076","uid":"fc284110-927c-4965-84df-a317ccdd9894"}],"secret":[],"timeouts":null},"sensitive_attributes":[],"private":"eyJlMmJmYjczMC1lY2FhLTExZTYtOGY4OC0zNDM2M2JjN2M0YzAiOnsiY3JlYXRlIjozMDAwMDAwMDAwMH19","dependencies":["module.dev-cluster.module.metallb.kubernetes_namespace.metallb_system"]}]},{"module":"module.dev-cluster.module.vault","mode":"managed","type":"kubernetes_namespace","name":"vault","provider":"provider[\"registry.opentofu.org/hashicorp/kubernetes\"]","instances":[{"schema_version":0,"attributes":{"id":"vault","metadata":[{"annotations":{},"generate_name":"","generation":0,"labels":{"app":"vault"},"name":"vault","resource_version":"1432174","uid":"39b69fd6-2281-4b1f-8c0c-0de0daa26bad"}],"timeouts":null,"wait_for_default_service_account":false},"sensitive_attributes":[],"private":"eyJlMmJmYjczMC1lY2FhLTExZTYtOGY4OC0zNDM2M2JjN2M0YzAiOnsiZGVsZXRlIjozMDAwMDAwMDAwMDB9fQ=="}]}],"check_results":null}
